
Microsoft Visual Studio Solution File, Format Version 12.00
# Visual Studio Version 17
VisualStudioVersion = 17.9.34728.123
MinimumVisualStudioVersion = 10.0.40219.1
Project("{FAE04EC0-301F-11D3-BF4B-00C04F79EFBC}") = "TicketMaster", "src\TicketMaster\TicketMaster.csproj", "{4203BE6B-67A8-46C8-8AC1-30F1D22F2048}"
EndProject
Project("{FAE04EC0-301F-11D3-BF4B-00C04F79EFBC}") = "Domain", "src\Domain\Domain.csproj", "{ED009FBB-071B-4818-B19B-1F9D59B8264F}"
EndProject
Project("{FAE04EC0-301F-11D3-BF4B-00C04F79EFBC}") = "Application", "src\Application\Application.csproj", "{36F0837A-F5FB-48C1-9B24-1645CA334C2A}"
EndProject
Project("{FAE04EC0-301F-11D3-BF4B-00C04F79EFBC}") = "Infrastructure", "src\Infrastructure\Infrastructure.csproj", "{6CCE6762-C0C4-44C9-83C4-B29E3141A02D}"
EndProject
Global
	GlobalSection(SolutionConfigurationPlatforms) = preSolution
		Debug|Any CPU = Debug|Any CPU
		Release|Any CPU = Release|Any CPU
	EndGlobalSection
	GlobalSection(ProjectConfigurationPlatforms) = postSolution
		{4203BE6B-67A8-46C8-8AC1-30F1D22F2048}.Debug|Any CPU.ActiveCfg = Debug|Any CPU
		{4203BE6B-67A8-46C8-8AC1-30F1D22F2048}.Debug|Any CPU.Build.0 = Debug|Any CPU
		{4203BE6B-67A8-46C8-8AC1-30F1D22F2048}.Release|Any CPU.ActiveCfg = Release|Any CPU
		{4203BE6B-67A8-46C8-8AC1-30F1D22F2048}.Release|Any CPU.Build.0 = Release|Any CPU
		{ED009FBB-071B-4818-B19B-1F9D59B8264F}.Debug|Any CPU.ActiveCfg = Debug|Any CPU
		{ED009FBB-071B-4818-B19B-1F9D59B8264F}.Debug|Any CPU.Build.0 = Debug|Any CPU
		{ED009FBB-071B-4818-B19B-1F9D59B8264F}.Release|Any CPU.ActiveCfg = Release|Any CPU
		{ED009FBB-071B-4818-B19B-1F9D59B8264F}.Release|Any CPU.Build.0 = Release|Any CPU
		{36F0837A-F5FB-48C1-9B24-1645CA334C2A}.Debug|Any CPU.ActiveCfg = Debug|Any CPU
		{36F0837A-F5FB-48C1-9B24-1645CA334C2A}.Debug|Any CPU.Build.0 = Debug|Any CPU
		{36F0837A-F5FB-48C1-9B24-1645CA334C2A}.Release|Any CPU.ActiveCfg = Release|Any CPU
		{36F0837A-F5FB-48C1-9B24-1645CA334C2A}.Release|Any CPU.Build.0 = Release|Any CPU
		{6CCE6762-C0C4-44C9-83C4-B29E3141A02D}.Debug|Any CPU.ActiveCfg = Debug|Any CPU
		{6CCE6762-C0C4-44C9-83C4-B29E3141A02D}.Debug|Any CPU.Build.0 = Debug|Any CPU
		{6CCE6762-C0C4-44C9-83C4-B29E3141A02D}.Release|Any CPU.ActiveCfg = Release|Any CPU
		{6CCE6762-C0C4-44C9-83C4-B29E3141A02D}.Release|Any CPU.Build.0 = Release|Any CPU
	EndGlobalSection
	GlobalSection(SolutionProperties) = preSolution
		HideSolutionNode = FALSE
	EndGlobalSection
	GlobalSection(ExtensibilityGlobals) = postSolution
		SolutionGuid = {91A1A4D6-91B5-4868-B4EA-37A084B1AA5C}
	EndGlobalSection
EndGlobal
